
Microsoft Visual Studio Solution File, Format Version 12.00
# Visual Studio 2013
VisualStudioVersion = 12.0.21005.1
MinimumVisualStudioVersion = 10.0.40219.1
Project("{FAE04EC0-301F-11D3-BF4B-00C04F79EFBC}") = "WindowsFormsApplication1", "WindowsFormsApplication1\WindowsFormsApplication1.csproj", "{71823913-CF04-4C9D-BE18-60D728EB992D}"
EndProject
Project("{FAE04EC0-301F-11D3-BF4B-00C04F79EFBC}") = "SqliteSugar", "SqlSugar\SqliteSugar.csproj", "{46A17E67-7E3E-4369-9B1F-43BA34BBDAEF}"
EndProject
Global
	GlobalSection(SolutionConfigurationPlatforms) = preSolution
		Debug|Any CPU = Debug|Any CPU
		Release|Any CPU = Release|Any CPU
	EndGlobalSection
	GlobalSection(ProjectConfigurationPlatforms) = postSolution
		{71823913-CF04-4C9D-BE18-60D728EB992D}.Debug|Any CPU.ActiveCfg = Debug|Any CPU
		{71823913-CF04-4C9D-BE18-60D728EB992D}.Debug|Any CPU.Build.0 = Debug|Any CPU
		{71823913-CF04-4C9D-BE18-60D728EB992D}.Release|Any CPU.ActiveCfg = Release|Any CPU
		{71823913-CF04-4C9D-BE18-60D728EB992D}.Release|Any CPU.Build.0 = Release|Any CPU
		{46A17E67-7E3E-4369-9B1F-43BA34BBDAEF}.Debug|Any CPU.ActiveCfg = Debug|Any CPU
		{46A17E67-7E3E-4369-9B1F-43BA34BBDAEF}.Debug|Any CPU.Build.0 = Debug|Any CPU
		{46A17E67-7E3E-4369-9B1F-43BA34BBDAEF}.Release|Any CPU.ActiveCfg = Release|Any CPU
		{46A17E67-7E3E-4369-9B1F-43BA34BBDAEF}.Release|Any CPU.Build.0 = Release|Any CPU
	EndGlobalSection
	GlobalSection(SolutionProperties) = preSolution
		HideSolutionNode = FALSE
	EndGlobalSection
EndGlobal
